
Microsoft Visual Studio Solution File, Format Version 12.00
# Visual Studio Version 17
VisualStudioVersion = 17.5.33516.290
MinimumVisualStudioVersion = 10.0.40219.1
Project("{9A19103F-16F7-4668-BE54-9A1E7A4F7556}") = "BenchamarkHelper", "BenchamarkHelper.csproj", "{EE7ADCDF-C575-4077-87E0-2C492ECF573F}"
EndProject
Global
	GlobalSection(SolutionConfigurationPlatforms) = preSolution
		Debug|Any CPU = Debug|Any CPU
		Release|Any CPU = Release|Any CPU
	EndGlobalSection
	GlobalSection(ProjectConfigurationPlatforms) = postSolution
		{EE7ADCDF-C575-4077-87E0-2C492ECF573F}.Debug|Any CPU.ActiveCfg = Debug|Any CPU
		{EE7ADCDF-C575-4077-87E0-2C492ECF573F}.Debug|Any CPU.Build.0 = Debug|Any CPU
		{EE7ADCDF-C575-4077-87E0-2C492ECF573F}.Release|Any CPU.ActiveCfg = Release|Any CPU
		{EE7ADCDF-C575-4077-87E0-2C492ECF573F}.Release|Any CPU.Build.0 = Release|Any CPU
	EndGlobalSection
	GlobalSection(SolutionProperties) = preSolution
		HideSolutionNode = FALSE
	EndGlobalSection
	GlobalSection(ExtensibilityGlobals) = postSolution
		SolutionGuid = {DD8DE02D-6FFF-4291-B5FF-1A305A48CEEC}
	EndGlobalSection
EndGlobal
